
Microsoft Visual Studio Solution File, Format Version 12.00
# Visual Studio Version 16
VisualStudioVersion = 16.0.30002.166
MinimumVisualStudioVersion = 10.0.40219.1
Project("{9A19103F-16F7-4668-BE54-9A1E7A4F7556}") = "LG.AA.WebApi", "LG.AA.WebApi\LG.AA.WebApi.csproj", "{6EC0FD28-A8F8-4B14-AA63-B54493427E4D}"
EndProject
Project("{FAE04EC0-301F-11D3-BF4B-00C04F79EFBC}") = "LG.AA.Servicos", "LG.AA.Servicos\LG.AA.Servicos.csproj", "{EDA55E37-F9BA-4508-82CD-05F2BE4951BF}"
EndProject
Global
	GlobalSection(SolutionConfigurationPlatforms) = preSolution
		Debug|Any CPU = Debug|Any CPU
		Release|Any CPU = Release|Any CPU
	EndGlobalSection
	GlobalSection(ProjectConfigurationPlatforms) = postSolution
		{6EC0FD28-A8F8-4B14-AA63-B54493427E4D}.Debug|Any CPU.ActiveCfg = Debug|Any CPU
		{6EC0FD28-A8F8-4B14-AA63-B54493427E4D}.Debug|Any CPU.Build.0 = Debug|Any CPU
		{6EC0FD28-A8F8-4B14-AA63-B54493427E4D}.Release|Any CPU.ActiveCfg = Release|Any CPU
		{6EC0FD28-A8F8-4B14-AA63-B54493427E4D}.Release|Any CPU.Build.0 = Release|Any CPU
		{EDA55E37-F9BA-4508-82CD-05F2BE4951BF}.Debug|Any CPU.ActiveCfg = Debug|Any CPU
		{EDA55E37-F9BA-4508-82CD-05F2BE4951BF}.Debug|Any CPU.Build.0 = Debug|Any CPU
		{EDA55E37-F9BA-4508-82CD-05F2BE4951BF}.Release|Any CPU.ActiveCfg = Release|Any CPU
		{EDA55E37-F9BA-4508-82CD-05F2BE4951BF}.Release|Any CPU.Build.0 = Release|Any CPU
	EndGlobalSection
	GlobalSection(SolutionProperties) = preSolution
		HideSolutionNode = FALSE
	EndGlobalSection
	GlobalSection(ExtensibilityGlobals) = postSolution
		SolutionGuid = {2AD29712-C82C-42FB-BEAF-6F4545C61DF7}
	EndGlobalSection
EndGlobal
